
Microsoft Visual Studio Solution File, Format Version 12.00
# Visual Studio Version 17
VisualStudioVersion = 17.14.36717.8 d17.14
MinimumVisualStudioVersion = 10.0.40219.1
Project("{FAE04EC0-301F-11D3-BF4B-00C04F79EFBC}") = "NewtonV2", "NewtonV2.csproj", "{94B66310-6335-43E8-89E5-1EA6E5630223}"
EndProject
Global
	GlobalSection(SolutionConfigurationPlatforms) = preSolution
		Debug|Any CPU = Debug|Any CPU
		Release|Any CPU = Release|Any CPU
	EndGlobalSection
	GlobalSection(ProjectConfigurationPlatforms) = postSolution
		{94B66310-6335-43E8-89E5-1EA6E5630223}.Debug|Any CPU.ActiveCfg = Debug|Any CPU
		{94B66310-6335-43E8-89E5-1EA6E5630223}.Debug|Any CPU.Build.0 = Debug|Any CPU
		{94B66310-6335-43E8-89E5-1EA6E5630223}.Release|Any CPU.ActiveCfg = Release|Any CPU
		{94B66310-6335-43E8-89E5-1EA6E5630223}.Release|Any CPU.Build.0 = Release|Any CPU
	EndGlobalSection
	GlobalSection(SolutionProperties) = preSolution
		HideSolutionNode = FALSE
	EndGlobalSection
	GlobalSection(ExtensibilityGlobals) = postSolution
		SolutionGuid = {44F9E36C-746D-4F4E-9F9E-5ABBC359EE56}
	EndGlobalSection
EndGlobal
